
Microsoft Visual Studio Solution File, Format Version 12.00
# Visual Studio 15
VisualStudioVersion = 15.0.27130.2010
MinimumVisualStudioVersion = 10.0.40219.1
Project("{FAE04EC0-301F-11D3-BF4B-00C04F79EFBC}") = "BeforeFieldInit", "BeforeFieldInit\BeforeFieldInit.csproj", "{EAF859F7-9782-4DE9-8280-1FC20663885F}"
EndProject
Global
	GlobalSection(SolutionConfigurationPlatforms) = preSolution
		Debug|Any CPU = Debug|Any CPU
		Release|Any CPU = Release|Any CPU
	EndGlobalSection
	GlobalSection(ProjectConfigurationPlatforms) = postSolution
		{EAF859F7-9782-4DE9-8280-1FC20663885F}.Debug|Any CPU.ActiveCfg = Debug|Any CPU
		{EAF859F7-9782-4DE9-8280-1FC20663885F}.Debug|Any CPU.Build.0 = Debug|Any CPU
		{EAF859F7-9782-4DE9-8280-1FC20663885F}.Release|Any CPU.ActiveCfg = Release|Any CPU
		{EAF859F7-9782-4DE9-8280-1FC20663885F}.Release|Any CPU.Build.0 = Release|Any CPU
	EndGlobalSection
	GlobalSection(SolutionProperties) = preSolution
		HideSolutionNode = FALSE
	EndGlobalSection
	GlobalSection(ExtensibilityGlobals) = postSolution
		SolutionGuid = {706FC70C-A668-4AEB-8DF5-AC4F99CA1292}
	EndGlobalSection
EndGlobal
